// !$*UTF8*$!
{
	archiveVersion = 1;
	classes = {
	};
	objectVersion = 56;
	objects = {

/* Begin PBXBuildFile section */
		750E3DB92C808EE900D0E9DD /* AppDelegate.swift in Sources */ = {isa = PBXBuildFile; fileRef = 750E3DB82C808EE900D0E9DD /* AppDelegate.swift */; };
		750E3DBB2C808EE900D0E9DD /* SceneDelegate.swift in Sources */ = {isa = PBXBuildFile; fileRef = 750E3DBA2C808EE900D0E9DD /* SceneDelegate.swift */; };
		750E3DC22C808EEA00D0E9DD /* Assets.xcassets in Resources */ = {isa = PBXBuildFile; fileRef = 750E3DC12C808EEA00D0E9DD /* Assets.xcassets */; };
		750E3DC52C808EEA00D0E9DD /* Base in Resources */ = {isa = PBXBuildFile; fileRef = 750E3DC42C808EEA00D0E9DD /* Base */; };
		750E3DD02C80955500D0E9DD /* OnboardingViewController.swift in Sources */ = {isa = PBXBuildFile; fileRef = 750E3DCF2C80955500D0E9DD /* OnboardingViewController.swift */; };
		750E3DD32C809BC500D0E9DD /* FjCoreData.xcdatamodeld in Sources */ = {isa = PBXBuildFile; fileRef = 750E3DD12C809BC500D0E9DD /* FjCoreData.xcdatamodeld */; };
		750E3DD72C809BE300D0E9DD /* FjExtensions.swift in Sources */ = {isa = PBXBuildFile; fileRef = 750E3DD62C809BE300D0E9DD /* FjExtensions.swift */; };
		750E3DD92C809C4B00D0E9DD /* OnboardingView.swift in Sources */ = {isa = PBXBuildFile; fileRef = 750E3DD82C809C4B00D0E9DD /* OnboardingView.swift */; };
		750E3DDB2C809C8000D0E9DD /* FjIsNewUser.swift in Sources */ = {isa = PBXBuildFile; fileRef = 750E3DDA2C809C8000D0E9DD /* FjIsNewUser.swift */; };
		750E3DDE2C809D8200D0E9DD /* FjTabBarController.swift in Sources */ = {isa = PBXBuildFile; fileRef = 750E3DDD2C809D8200D0E9DD /* FjTabBarController.swift */; };
		750E3DE32C809ED300D0E9DD /* SettingsViewController.swift in Sources */ = {isa = PBXBuildFile; fileRef = 750E3DE22C809ED300D0E9DD /* SettingsViewController.swift */; };
		750E3DE52C809EDC00D0E9DD /* ClientViewController.swift in Sources */ = {isa = PBXBuildFile; fileRef = 750E3DE42C809EDC00D0E9DD /* ClientViewController.swift */; };
		750E3DE72C809EE500D0E9DD /* StatisticsViewController.swift in Sources */ = {isa = PBXBuildFile; fileRef = 750E3DE62C809EE500D0E9DD /* StatisticsViewController.swift */; };
		750E3DE92C809EEF00D0E9DD /* ProjectMainViewController.swift in Sources */ = {isa = PBXBuildFile; fileRef = 750E3DE82C809EEF00D0E9DD /* ProjectMainViewController.swift */; };
		750E3DEB2C80A2E100D0E9DD /* FirstOnboardingViewCell.swift in Sources */ = {isa = PBXBuildFile; fileRef = 750E3DEA2C80A2E100D0E9DD /* FirstOnboardingViewCell.swift */; };
		750E3DED2C80A7E700D0E9DD /* SecondOnboardingViewCell.swift in Sources */ = {isa = PBXBuildFile; fileRef = 750E3DEC2C80A7E700D0E9DD /* SecondOnboardingViewCell.swift */; };
		750E3DF02C80CB4100D0E9DD /* ProjectMainView.swift in Sources */ = {isa = PBXBuildFile; fileRef = 750E3DEF2C80CB4100D0E9DD /* ProjectMainView.swift */; };
		750E3DF22C80CFC300D0E9DD /* ProjectMainViewCell.swift in Sources */ = {isa = PBXBuildFile; fileRef = 750E3DF12C80CFC300D0E9DD /* ProjectMainViewCell.swift */; };
		750E3DF62C80D2CB00D0E9DD /* Project+CoreDataClass.swift in Sources */ = {isa = PBXBuildFile; fileRef = 750E3DF42C80D2CB00D0E9DD /* Project+CoreDataClass.swift */; };
		750E3DF72C80D2CB00D0E9DD /* Project+CoreDataProperties.swift in Sources */ = {isa = PBXBuildFile; fileRef = 750E3DF52C80D2CB00D0E9DD /* Project+CoreDataProperties.swift */; };
		750E3DFB2C80D79100D0E9DD /* ProjectCreateViewController.swift in Sources */ = {isa = PBXBuildFile; fileRef = 750E3DFA2C80D79100D0E9DD /* ProjectCreateViewController.swift */; };
		750E3DFD2C80D7E600D0E9DD /* ProjectCreateView.swift in Sources */ = {isa = PBXBuildFile; fileRef = 750E3DFC2C80D7E600D0E9DD /* ProjectCreateView.swift */; };
		750E3E002C80DCAC00D0E9DD /* ProjectTaskViewController.swift in Sources */ = {isa = PBXBuildFile; fileRef = 750E3DFF2C80DCAC00D0E9DD /* ProjectTaskViewController.swift */; };
		750E3E022C80DCC400D0E9DD /* ProjectTaskView.swift in Sources */ = {isa = PBXBuildFile; fileRef = 750E3E012C80DCC400D0E9DD /* ProjectTaskView.swift */; };
		750E3E092C80DDA400D0E9DD /* FjTask+CoreDataClass.swift in Sources */ = {isa = PBXBuildFile; fileRef = 750E3E072C80DDA400D0E9DD /* FjTask+CoreDataClass.swift */; };
		750E3E0A2C80DDA400D0E9DD /* FjTask+CoreDataProperties.swift in Sources */ = {isa = PBXBuildFile; fileRef = 750E3E082C80DDA400D0E9DD /* FjTask+CoreDataProperties.swift */; };
		750E3E0C2C80DDD100D0E9DD /* ProjectTaskViewCell.swift in Sources */ = {isa = PBXBuildFile; fileRef = 750E3E0B2C80DDD100D0E9DD /* ProjectTaskViewCell.swift */; };
		750E3E112C80E23300D0E9DD /* Client+CoreDataClass.swift in Sources */ = {isa = PBXBuildFile; fileRef = 750E3E0F2C80E23300D0E9DD /* Client+CoreDataClass.swift */; };
		750E3E122C80E23300D0E9DD /* Client+CoreDataProperties.swift in Sources */ = {isa = PBXBuildFile; fileRef = 750E3E102C80E23300D0E9DD /* Client+CoreDataProperties.swift */; };
		750E3E142C80E24A00D0E9DD /* ClientView.swift in Sources */ = {isa = PBXBuildFile; fileRef = 750E3E132C80E24A00D0E9DD /* ClientView.swift */; };
		750E3E162C80E26200D0E9DD /* ClientViewCell.swift in Sources */ = {isa = PBXBuildFile; fileRef = 750E3E152C80E26200D0E9DD /* ClientViewCell.swift */; };
		750E3E1C2C80E4DF00D0E9DD /* ClientCreateViewController.swift in Sources */ = {isa = PBXBuildFile; fileRef = 750E3E1B2C80E4DF00D0E9DD /* ClientCreateViewController.swift */; };
		750E3E1E2C80E4E900D0E9DD /* ClientCreateView.swift in Sources */ = {isa = PBXBuildFile; fileRef = 750E3E1D2C80E4E900D0E9DD /* ClientCreateView.swift */; };
		750E3E242C80E67600D0E9DD /* ProjectMainRouter.swift in Sources */ = {isa = PBXBuildFile; fileRef = 750E3E232C80E67600D0E9DD /* ProjectMainRouter.swift */; };
		750E3E262C80E82000D0E9DD /* ProjectMainPresenter.swift in Sources */ = {isa = PBXBuildFile; fileRef = 750E3E252C80E82000D0E9DD /* ProjectMainPresenter.swift */; };
		750E3E2A2C80E91A00D0E9DD /* ProjectMainInteractor.swift in Sources */ = {isa = PBXBuildFile; fileRef = 750E3E292C80E91A00D0E9DD /* ProjectMainInteractor.swift */; };
		750E3E2D2C80EB7600D0E9DD /* ProjectCreatePresenter.swift in Sources */ = {isa = PBXBuildFile; fileRef = 750E3E2C2C80EB7600D0E9DD /* ProjectCreatePresenter.swift */; };
		750E3E2F2C80EB8700D0E9DD /* ProjectCreateRouter.swift in Sources */ = {isa = PBXBuildFile; fileRef = 750E3E2E2C80EB8700D0E9DD /* ProjectCreateRouter.swift */; };
		750E3E312C80EE5900D0E9DD /* ProjectTaskRouter.swift in Sources */ = {isa = PBXBuildFile; fileRef = 750E3E302C80EE5900D0E9DD /* ProjectTaskRouter.swift */; };
		750E3E342C80EF7800D0E9DD /* ProjectTaskPresenter.swift in Sources */ = {isa = PBXBuildFile; fileRef = 750E3E332C80EF7800D0E9DD /* ProjectTaskPresenter.swift */; };
		750E3E362C80F03F00D0E9DD /* ClientRouter.swift in Sources */ = {isa = PBXBuildFile; fileRef = 750E3E352C80F03F00D0E9DD /* ClientRouter.swift */; };
		750E3E392C8110C500D0E9DD /* ClientPresenter.swift in Sources */ = {isa = PBXBuildFile; fileRef = 750E3E382C8110C500D0E9DD /* ClientPresenter.swift */; };
		750E3E3E2C8112E200D0E9DD /* ClientCreatePresenter.swift in Sources */ = {isa = PBXBuildFile; fileRef = 750E3E3D2C8112E200D0E9DD /* ClientCreatePresenter.swift */; };
		750E3E402C81144900D0E9DD /* ClientCreateRouter.swift in Sources */ = {isa = PBXBuildFile; fileRef = 750E3E3F2C81144900D0E9DD /* ClientCreateRouter.swift */; };
		750E3E452C811FD800D0E9DD /* ProjectDetailsRouter.swift in Sources */ = {isa = PBXBuildFile; fileRef = 750E3E442C811FD800D0E9DD /* ProjectDetailsRouter.swift */; };
		750E3E472C811FE500D0E9DD /* ProjectDetailsPresenter.swift in Sources */ = {isa = PBXBuildFile; fileRef = 750E3E462C811FE500D0E9DD /* ProjectDetailsPresenter.swift */; };
		750E3E492C811FED00D0E9DD /* ProjectDetailsViewController.swift in Sources */ = {isa = PBXBuildFile; fileRef = 750E3E482C811FED00D0E9DD /* ProjectDetailsViewController.swift */; };
		750E3E4B2C811FF400D0E9DD /* ProjectDetailsView.swift in Sources */ = {isa = PBXBuildFile; fileRef = 750E3E4A2C811FF400D0E9DD /* ProjectDetailsView.swift */; };
/* End PBXBuildFile section */

/* Begin PBXFileReference section */
		750E3DB52C808EE900D0E9DD /* Freelancers Journal.app */ = {isa = PBXFileReference; explicitFileType = wrapper.application; includeInIndex = 0; path = "Freelancers Journal.app"; sourceTree = BUILT_PRODUCTS_DIR; };
		750E3DB82C808EE900D0E9DD /* AppDelegate.swift */ = {isa = PBXFileReference; lastKnownFileType = sourcecode.swift; path = AppDelegate.swift; sourceTree = "<group>"; };
		750E3DBA2C808EE900D0E9DD /* SceneDelegate.swift */ = {isa = PBXFileReference; lastKnownFileType = sourcecode.swift; path = SceneDelegate.swift; sourceTree = "<group>"; };
		750E3DC12C808EEA00D0E9DD /* Assets.xcassets */ = {isa = PBXFileReference; lastKnownFileType = folder.assetcatalog; path = Assets.xcassets; sourceTree = "<group>"; };
		750E3DC42C808EEA00D0E9DD /* Base */ = {isa = PBXFileReference; lastKnownFileType = file.storyboard; name = Base; path = Base.lproj/LaunchScreen.storyboard; sourceTree = "<group>"; };
		750E3DC62C808EEA00D0E9DD /* Info.plist */ = {isa = PBXFileReference; lastKnownFileType = text.plist.xml; path = Info.plist; sourceTree = "<group>"; };
		750E3DCF2C80955500D0E9DD /* OnboardingViewController.swift */ = {isa = PBXFileReference; lastKnownFileType = sourcecode.swift; path = OnboardingViewController.swift; sourceTree = "<group>"; };
		750E3DD22C809BC500D0E9DD /* FjCoreData.xcdatamodel */ = {isa = PBXFileReference; lastKnownFileType = wrapper.xcdatamodel; path = FjCoreData.xcdatamodel; sourceTree = "<group>"; };
		750E3DD62C809BE300D0E9DD /* FjExtensions.swift */ = {isa = PBXFileReference; lastKnownFileType = sourcecode.swift; path = FjExtensions.swift; sourceTree = "<group>"; };
		750E3DD82C809C4B00D0E9DD /* OnboardingView.swift */ = {isa = PBXFileReference; lastKnownFileType = sourcecode.swift; path = OnboardingView.swift; sourceTree = "<group>"; };
		750E3DDA2C809C8000D0E9DD /* FjIsNewUser.swift */ = {isa = PBXFileReference; lastKnownFileType = sourcecode.swift; path = FjIsNewUser.swift; sourceTree = "<group>"; };
		750E3DDD2C809D8200D0E9DD /* FjTabBarController.swift */ = {isa = PBXFileReference; lastKnownFileType = sourcecode.swift; path = FjTabBarController.swift; sourceTree = "<group>"; };
		750E3DE22C809ED300D0E9DD /* SettingsViewController.swift */ = {isa = PBXFileReference; lastKnownFileType = sourcecode.swift; path = SettingsViewController.swift; sourceTree = "<group>"; };
		750E3DE42C809EDC00D0E9DD /* ClientViewController.swift */ = {isa = PBXFileReference; lastKnownFileType = sourcecode.swift; path = ClientViewController.swift; sourceTree = "<group>"; };
		750E3DE62C809EE500D0E9DD /* StatisticsViewController.swift */ = {isa = PBXFileReference; lastKnownFileType = sourcecode.swift; path = StatisticsViewController.swift; sourceTree = "<group>"; };
		750E3DE82C809EEF00D0E9DD /* ProjectMainViewController.swift */ = {isa = PBXFileReference; lastKnownFileType = sourcecode.swift; path = ProjectMainViewController.swift; sourceTree = "<group>"; };
		750E3DEA2C80A2E100D0E9DD /* FirstOnboardingViewCell.swift */ = {isa = PBXFileReference; lastKnownFileType = sourcecode.swift; path = FirstOnboardingViewCell.swift; sourceTree = "<group>"; };
		750E3DEC2C80A7E700D0E9DD /* SecondOnboardingViewCell.swift */ = {isa = PBXFileReference; lastKnownFileType = sourcecode.swift; path = SecondOnboardingViewCell.swift; sourceTree = "<group>"; };
		750E3DEF2C80CB4100D0E9DD /* ProjectMainView.swift */ = {isa = PBXFileReference; lastKnownFileType = sourcecode.swift; path = ProjectMainView.swift; sourceTree = "<group>"; };
		750E3DF12C80CFC300D0E9DD /* ProjectMainViewCell.swift */ = {isa = PBXFileReference; lastKnownFileType = sourcecode.swift; path = ProjectMainViewCell.swift; sourceTree = "<group>"; };
		750E3DF42C80D2CB00D0E9DD /* Project+CoreDataClass.swift */ = {isa = PBXFileReference; lastKnownFileType = sourcecode.swift; path = "Project+CoreDataClass.swift"; sourceTree = "<group>"; };
		750E3DF52C80D2CB00D0E9DD /* Project+CoreDataProperties.swift */ = {isa = PBXFileReference; lastKnownFileType = sourcecode.swift; path = "Project+CoreDataProperties.swift"; sourceTree = "<group>"; };
		750E3DFA2C80D79100D0E9DD /* ProjectCreateViewController.swift */ = {isa = PBXFileReference; lastKnownFileType = sourcecode.swift; path = ProjectCreateViewController.swift; sourceTree = "<group>"; };
		750E3DFC2C80D7E600D0E9DD /* ProjectCreateView.swift */ = {isa = PBXFileReference; lastKnownFileType = sourcecode.swift; path = ProjectCreateView.swift; sourceTree = "<group>"; };
		750E3DFF2C80DCAC00D0E9DD /* ProjectTaskViewController.swift */ = {isa = PBXFileReference; lastKnownFileType = sourcecode.swift; path = ProjectTaskViewController.swift; sourceTree = "<group>"; };
		750E3E012C80DCC400D0E9DD /* ProjectTaskView.swift */ = {isa = PBXFileReference; lastKnownFileType = sourcecode.swift; path = ProjectTaskView.swift; sourceTree = "<group>"; };
		750E3E072C80DDA400D0E9DD /* FjTask+CoreDataClass.swift */ = {isa = PBXFileReference; lastKnownFileType = sourcecode.swift; path = "FjTask+CoreDataClass.swift"; sourceTree = "<group>"; };
		750E3E082C80DDA400D0E9DD /* FjTask+CoreDataProperties.swift */ = {isa = PBXFileReference; lastKnownFileType = sourcecode.swift; path = "FjTask+CoreDataProperties.swift"; sourceTree = "<group>"; };
		750E3E0B2C80DDD100D0E9DD /* ProjectTaskViewCell.swift */ = {isa = PBXFileReference; lastKnownFileType = sourcecode.swift; path = ProjectTaskViewCell.swift; sourceTree = "<group>"; };
		750E3E0F2C80E23300D0E9DD /* Client+CoreDataClass.swift */ = {isa = PBXFileReference; lastKnownFileType = sourcecode.swift; path = "Client+CoreDataClass.swift"; sourceTree = "<group>"; };
		750E3E102C80E23300D0E9DD /* Client+CoreDataProperties.swift */ = {isa = PBXFileReference; lastKnownFileType = sourcecode.swift; path = "Client+CoreDataProperties.swift"; sourceTree = "<group>"; };
		750E3E132C80E24A00D0E9DD /* ClientView.swift */ = {isa = PBXFileReference; lastKnownFileType = sourcecode.swift; path = ClientView.swift; sourceTree = "<group>"; };
		750E3E152C80E26200D0E9DD /* ClientViewCell.swift */ = {isa = PBXFileReference; lastKnownFileType = sourcecode.swift; path = ClientViewCell.swift; sourceTree = "<group>"; };
		750E3E1B2C80E4DF00D0E9DD /* ClientCreateViewController.swift */ = {isa = PBXFileReference; lastKnownFileType = sourcecode.swift; path = ClientCreateViewController.swift; sourceTree = "<group>"; };
		750E3E1D2C80E4E900D0E9DD /* ClientCreateView.swift */ = {isa = PBXFileReference; lastKnownFileType = sourcecode.swift; path = ClientCreateView.swift; sourceTree = "<group>"; };
		750E3E232C80E67600D0E9DD /* ProjectMainRouter.swift */ = {isa = PBXFileReference; lastKnownFileType = sourcecode.swift; path = ProjectMainRouter.swift; sourceTree = "<group>"; };
		750E3E252C80E82000D0E9DD /* ProjectMainPresenter.swift */ = {isa = PBXFileReference; lastKnownFileType = sourcecode.swift; path = ProjectMainPresenter.swift; sourceTree = "<group>"; };
		750E3E292C80E91A00D0E9DD /* ProjectMainInteractor.swift */ = {isa = PBXFileReference; lastKnownFileType = sourcecode.swift; path = ProjectMainInteractor.swift; sourceTree = "<group>"; };
		750E3E2C2C80EB7600D0E9DD /* ProjectCreatePresenter.swift */ = {isa = PBXFileReference; lastKnownFileType = sourcecode.swift; path = ProjectCreatePresenter.swift; sourceTree = "<group>"; };
		750E3E2E2C80EB8700D0E9DD /* ProjectCreateRouter.swift */ = {isa = PBXFileReference; lastKnownFileType = sourcecode.swift; path = ProjectCreateRouter.swift; sourceTree = "<group>"; };
		750E3E302C80EE5900D0E9DD /* ProjectTaskRouter.swift */ = {isa = PBXFileReference; lastKnownFileType = sourcecode.swift; path = ProjectTaskRouter.swift; sourceTree = "<group>"; };
		750E3E332C80EF7800D0E9DD /* ProjectTaskPresenter.swift */ = {isa = PBXFileReference; lastKnownFileType = sourcecode.swift; path = ProjectTaskPresenter.swift; sourceTree = "<group>"; };
		750E3E352C80F03F00D0E9DD /* ClientRouter.swift */ = {isa = PBXFileReference; lastKnownFileType = sourcecode.swift; path = ClientRouter.swift; sourceTree = "<group>"; };
		750E3E382C8110C500D0E9DD /* ClientPresenter.swift */ = {isa = PBXFileReference; lastKnownFileType = sourcecode.swift; path = ClientPresenter.swift; sourceTree = "<group>"; };
		750E3E3D2C8112E200D0E9DD /* ClientCreatePresenter.swift */ = {isa = PBXFileReference; lastKnownFileType = sourcecode.swift; path = ClientCreatePresenter.swift; sourceTree = "<group>"; };
		750E3E3F2C81144900D0E9DD /* ClientCreateRouter.swift */ = {isa = PBXFileReference; lastKnownFileType = sourcecode.swift; path = ClientCreateRouter.swift; sourceTree = "<group>"; };
		750E3E442C811FD800D0E9DD /* ProjectDetailsRouter.swift */ = {isa = PBXFileReference; lastKnownFileType = sourcecode.swift; path = ProjectDetailsRouter.swift; sourceTree = "<group>"; };
		750E3E462C811FE500D0E9DD /* ProjectDetailsPresenter.swift */ = {isa = PBXFileReference; lastKnownFileType = sourcecode.swift; path = ProjectDetailsPresenter.swift; sourceTree = "<group>"; };
		750E3E482C811FED00D0E9DD /* ProjectDetailsViewController.swift */ = {isa = PBXFileReference; lastKnownFileType = sourcecode.swift; path = ProjectDetailsViewController.swift; sourceTree = "<group>"; };
		750E3E4A2C811FF400D0E9DD /* ProjectDetailsView.swift */ = {isa = PBXFileReference; lastKnownFileType = sourcecode.swift; path = ProjectDetailsView.swift; sourceTree = "<group>"; };
/* End PBXFileReference section */

/* Begin PBXFrameworksBuildPhase section */
		750E3DB22C808EE900D0E9DD /* Frameworks */ = {
			isa = PBXFrameworksBuildPhase;
			buildActionMask = 2147483647;
			files = (
			);
			runOnlyForDeploymentPostprocessing = 0;
		};
/* End PBXFrameworksBuildPhase section */

/* Begin PBXGroup section */
		750E3DAC2C808EE900D0E9DD = {
			isa = PBXGroup;
			children = (
				750E3DB72C808EE900D0E9DD /* Freelancers Journal */,
				750E3DB62C808EE900D0E9DD /* Products */,
			);
			sourceTree = "<group>";
		};
		750E3DB62C808EE900D0E9DD /* Products */ = {
			isa = PBXGroup;
			children = (
				750E3DB52C808EE900D0E9DD /* Freelancers Journal.app */,
			);
			name = Products;
			sourceTree = "<group>";
		};
		750E3DB72C808EE900D0E9DD /* Freelancers Journal */ = {
			isa = PBXGroup;
			children = (
				750E3DE12C809EC500D0E9DD /* Settings */,
				750E3DE02C809EBD00D0E9DD /* Client */,
				750E3DDF2C809EB200D0E9DD /* Statistics */,
				750E3DDC2C809D7600D0E9DD /* Application */,
				750E3DD42C809BC900D0E9DD /* Common */,
				750E3DCD2C808F2C00D0E9DD /* Project */,
				750E3DCC2C808F0E00D0E9DD /* Onboarding */,
				750E3DB82C808EE900D0E9DD /* AppDelegate.swift */,
				750E3DBA2C808EE900D0E9DD /* SceneDelegate.swift */,
				750E3DC12C808EEA00D0E9DD /* Assets.xcassets */,
				750E3DC32C808EEA00D0E9DD /* LaunchScreen.storyboard */,
				750E3DC62C808EEA00D0E9DD /* Info.plist */,
				750E3DD12C809BC500D0E9DD /* FjCoreData.xcdatamodeld */,
			);
			path = "Freelancers Journal";
			sourceTree = "<group>";
		};
		750E3DCC2C808F0E00D0E9DD /* Onboarding */ = {
			isa = PBXGroup;
			children = (
				750E3DCF2C80955500D0E9DD /* OnboardingViewController.swift */,
				750E3DD82C809C4B00D0E9DD /* OnboardingView.swift */,
				750E3DEA2C80A2E100D0E9DD /* FirstOnboardingViewCell.swift */,
				750E3DEC2C80A7E700D0E9DD /* SecondOnboardingViewCell.swift */,
			);
			path = Onboarding;
			sourceTree = "<group>";
		};
		750E3DCD2C808F2C00D0E9DD /* Project */ = {
			isa = PBXGroup;
			children = (
				750E3E1F2C80E61800D0E9DD /* ProjectMain */,
				750E3DFE2C80DC9B00D0E9DD /* ProjectTask */,
				750E3DF92C80D6EF00D0E9DD /* ProjectCreate */,
				750E3DF82C80D50200D0E9DD /* ProjectDetails */,
				750E3DF32C80D2B500D0E9DD /* Entities */,
			);
			path = Project;
			sourceTree = "<group>";
		};
		750E3DCE2C808F4600D0E9DD /* View */ = {
			isa = PBXGroup;
			children = (
				750E3DE82C809EEF00D0E9DD /* ProjectMainViewController.swift */,
				750E3DEF2C80CB4100D0E9DD /* ProjectMainView.swift */,
				750E3DF12C80CFC300D0E9DD /* ProjectMainViewCell.swift */,
			);
			path = View;
			sourceTree = "<group>";
		};
		750E3DD42C809BC900D0E9DD /* Common */ = {
			isa = PBXGroup;
			children = (
				750E3DD62C809BE300D0E9DD /* FjExtensions.swift */,
				750E3DDA2C809C8000D0E9DD /* FjIsNewUser.swift */,
			);
			path = Common;
			sourceTree = "<group>";
		};
		750E3DDC2C809D7600D0E9DD /* Application */ = {
			isa = PBXGroup;
			children = (
				750E3DDD2C809D8200D0E9DD /* FjTabBarController.swift */,
			);
			path = Application;
			sourceTree = "<group>";
		};
		750E3DDF2C809EB200D0E9DD /* Statistics */ = {
			isa = PBXGroup;
			children = (
				750E3DE62C809EE500D0E9DD /* StatisticsViewController.swift */,
			);
			path = Statistics;
			sourceTree = "<group>";
		};
		750E3DE02C809EBD00D0E9DD /* Client */ = {
			isa = PBXGroup;
			children = (
				750E3E3A2C8110D300D0E9DD /* ClientMain */,
				750E3E182C80E4B400D0E9DD /* ClientDetails */,
				750E3E172C80E4A700D0E9DD /* ClientCreate */,
				750E3E0D2C80E18D00D0E9DD /* Entities */,
			);
			path = Client;
			sourceTree = "<group>";
		};
		750E3DE12C809EC500D0E9DD /* Settings */ = {
			isa = PBXGroup;
			children = (
				750E3DE22C809ED300D0E9DD /* SettingsViewController.swift */,
			);
			path = Settings;
			sourceTree = "<group>";
		};
		750E3DEE2C80CA9500D0E9DD /* Router */ = {
			isa = PBXGroup;
			children = (
				750E3E232C80E67600D0E9DD /* ProjectMainRouter.swift */,
			);
			path = Router;
			sourceTree = "<group>";
		};
		750E3DF32C80D2B500D0E9DD /* Entities */ = {
			isa = PBXGroup;
			children = (
				750E3DF42C80D2CB00D0E9DD /* Project+CoreDataClass.swift */,
				750E3DF52C80D2CB00D0E9DD /* Project+CoreDataProperties.swift */,
			);
			path = Entities;
			sourceTree = "<group>";
		};
		750E3DF82C80D50200D0E9DD /* ProjectDetails */ = {
			isa = PBXGroup;
			children = (
				750E3E432C811FC700D0E9DD /* Router */,
				750E3E422C811FC100D0E9DD /* Presenter */,
				750E3E412C811FBB00D0E9DD /* View */,
			);
			path = ProjectDetails;
			sourceTree = "<group>";
		};
		750E3DF92C80D6EF00D0E9DD /* ProjectCreate */ = {
			isa = PBXGroup;
			children = (
				750E3E2B2C80EB3700D0E9DD /* Presenter */,
				750E3E202C80E63D00D0E9DD /* Router */,
				750E3E042C80DD6A00D0E9DD /* View */,
			);
			path = ProjectCreate;
			sourceTree = "<group>";
		};
		750E3DFE2C80DC9B00D0E9DD /* ProjectTask */ = {
			isa = PBXGroup;
			children = (
				750E3E322C80EF6800D0E9DD /* Presenter */,
				750E3E212C80E64200D0E9DD /* Router */,
				750E3E062C80DD7100D0E9DD /* Entities */,
				750E3E052C80DD6E00D0E9DD /* View */,
			);
			path = ProjectTask;
			sourceTree = "<group>";
		};
		750E3E042C80DD6A00D0E9DD /* View */ = {
			isa = PBXGroup;
			children = (
				750E3DFA2C80D79100D0E9DD /* ProjectCreateViewController.swift */,
				750E3DFC2C80D7E600D0E9DD /* ProjectCreateView.swift */,
			);
			path = View;
			sourceTree = "<group>";
		};
		750E3E052C80DD6E00D0E9DD /* View */ = {
			isa = PBXGroup;
			children = (
				750E3DFF2C80DCAC00D0E9DD /* ProjectTaskViewController.swift */,
				750E3E0B2C80DDD100D0E9DD /* ProjectTaskViewCell.swift */,
				750E3E012C80DCC400D0E9DD /* ProjectTaskView.swift */,
			);
			path = View;
			sourceTree = "<group>";
		};
		750E3E062C80DD7100D0E9DD /* Entities */ = {
			isa = PBXGroup;
			children = (
				750E3E072C80DDA400D0E9DD /* FjTask+CoreDataClass.swift */,
				750E3E082C80DDA400D0E9DD /* FjTask+CoreDataProperties.swift */,
			);
			path = Entities;
			sourceTree = "<group>";
		};
		750E3E0D2C80E18D00D0E9DD /* Entities */ = {
			isa = PBXGroup;
			children = (
				750E3E0F2C80E23300D0E9DD /* Client+CoreDataClass.swift */,
				750E3E102C80E23300D0E9DD /* Client+CoreDataProperties.swift */,
			);
			path = Entities;
			sourceTree = "<group>";
		};
		750E3E0E2C80E19900D0E9DD /* View */ = {
			isa = PBXGroup;
			children = (
				750E3DE42C809EDC00D0E9DD /* ClientViewController.swift */,
				750E3E132C80E24A00D0E9DD /* ClientView.swift */,
				750E3E152C80E26200D0E9DD /* ClientViewCell.swift */,
			);
			path = View;
			sourceTree = "<group>";
		};
		750E3E172C80E4A700D0E9DD /* ClientCreate */ = {
			isa = PBXGroup;
			children = (
				750E3E3C2C81127B00D0E9DD /* Router */,
				750E3E3B2C81127300D0E9DD /* Presenter */,
				750E3E192C80E4BB00D0E9DD /* View */,
			);
			path = ClientCreate;
			sourceTree = "<group>";
		};
		750E3E182C80E4B400D0E9DD /* ClientDetails */ = {
			isa = PBXGroup;
			children = (
			);
			path = ClientDetails;
			sourceTree = "<group>";
		};
		750E3E192C80E4BB00D0E9DD /* View */ = {
			isa = PBXGroup;
			children = (
				750E3E1B2C80E4DF00D0E9DD /* ClientCreateViewController.swift */,
				750E3E1D2C80E4E900D0E9DD /* ClientCreateView.swift */,
			);
			path = View;
			sourceTree = "<group>";
		};
		750E3E1A2C80E4CE00D0E9DD /* Router */ = {
			isa = PBXGroup;
			children = (
				750E3E352C80F03F00D0E9DD /* ClientRouter.swift */,
			);
			path = Router;
			sourceTree = "<group>";
		};
		750E3E1F2C80E61800D0E9DD /* ProjectMain */ = {
			isa = PBXGroup;
			children = (
				750E3E272C80E90300D0E9DD /* Interactor */,
				750E3E222C80E64800D0E9DD /* Presenter */,
				750E3DEE2C80CA9500D0E9DD /* Router */,
				750E3DCE2C808F4600D0E9DD /* View */,
			);
			path = ProjectMain;
			sourceTree = "<group>";
		};
		750E3E202C80E63D00D0E9DD /* Router */ = {
			isa = PBXGroup;
			children = (
				750E3E2E2C80EB8700D0E9DD /* ProjectCreateRouter.swift */,
			);
			path = Router;
			sourceTree = "<group>";
		};
		750E3E212C80E64200D0E9DD /* Router */ = {
			isa = PBXGroup;
			children = (
				750E3E302C80EE5900D0E9DD /* ProjectTaskRouter.swift */,
			);
			path = Router;
			sourceTree = "<group>";
		};
		750E3E222C80E64800D0E9DD /* Presenter */ = {
			isa = PBXGroup;
			children = (
				750E3E252C80E82000D0E9DD /* ProjectMainPresenter.swift */,
			);
			path = Presenter;
			sourceTree = "<group>";
		};
		750E3E272C80E90300D0E9DD /* Interactor */ = {
			isa = PBXGroup;
			children = (
				750E3E292C80E91A00D0E9DD /* ProjectMainInteractor.swift */,
			);
			path = Interactor;
			sourceTree = "<group>";
		};
		750E3E2B2C80EB3700D0E9DD /* Presenter */ = {
			isa = PBXGroup;
			children = (
				750E3E2C2C80EB7600D0E9DD /* ProjectCreatePresenter.swift */,
			);
			path = Presenter;
			sourceTree = "<group>";
		};
		750E3E322C80EF6800D0E9DD /* Presenter */ = {
			isa = PBXGroup;
			children = (
				750E3E332C80EF7800D0E9DD /* ProjectTaskPresenter.swift */,
			);
			path = Presenter;
			sourceTree = "<group>";
		};
		750E3E372C8110B800D0E9DD /* Presenter */ = {
			isa = PBXGroup;
			children = (
				750E3E382C8110C500D0E9DD /* ClientPresenter.swift */,
			);
			path = Presenter;
			sourceTree = "<group>";
		};
		750E3E3A2C8110D300D0E9DD /* ClientMain */ = {
			isa = PBXGroup;
			children = (
				750E3E1A2C80E4CE00D0E9DD /* Router */,
				750E3E372C8110B800D0E9DD /* Presenter */,
				750E3E0E2C80E19900D0E9DD /* View */,
			);
			path = ClientMain;
			sourceTree = "<group>";
		};
		750E3E3B2C81127300D0E9DD /* Presenter */ = {
			isa = PBXGroup;
			children = (
				750E3E3D2C8112E200D0E9DD /* ClientCreatePresenter.swift */,
			);
			path = Presenter;
			sourceTree = "<group>";
		};
		750E3E3C2C81127B00D0E9DD /* Router */ = {
			isa = PBXGroup;
			children = (
				750E3E3F2C81144900D0E9DD /* ClientCreateRouter.swift */,
			);
			path = Router;
			sourceTree = "<group>";
		};
		750E3E412C811FBB00D0E9DD /* View */ = {
			isa = PBXGroup;
			children = (
				750E3E482C811FED00D0E9DD /* ProjectDetailsViewController.swift */,
				750E3E4A2C811FF400D0E9DD /* ProjectDetailsView.swift */,
			);
			path = View;
			sourceTree = "<group>";
		};
		750E3E422C811FC100D0E9DD /* Presenter */ = {
			isa = PBXGroup;
			children = (
				750E3E462C811FE500D0E9DD /* ProjectDetailsPresenter.swift */,
			);
			path = Presenter;
			sourceTree = "<group>";
		};
		750E3E432C811FC700D0E9DD /* Router */ = {
			isa = PBXGroup;
			children = (
				750E3E442C811FD800D0E9DD /* ProjectDetailsRouter.swift */,
			);
			path = Router;
			sourceTree = "<group>";
		};
/* End PBXGroup section */

/* Begin PBXNativeTarget section */
		750E3DB42C808EE900D0E9DD /* Freelancers Journal */ = {
			isa = PBXNativeTarget;
			buildConfigurationList = 750E3DC92C808EEA00D0E9DD /* Build configuration list for PBXNativeTarget "Freelancers Journal" */;
			buildPhases = (
				750E3DB12C808EE900D0E9DD /* Sources */,
				750E3DB22C808EE900D0E9DD /* Frameworks */,
				750E3DB32C808EE900D0E9DD /* Resources */,
			);
			buildRules = (
			);
			dependencies = (
			);
			name = "Freelancers Journal";
			productName = "Freelancers Journal";
			productReference = 750E3DB52C808EE900D0E9DD /* Freelancers Journal.app */;
			productType = "com.apple.product-type.application";
		};
/* End PBXNativeTarget section */

/* Begin PBXProject section */
		750E3DAD2C808EE900D0E9DD /* Project object */ = {
			isa = PBXProject;
			attributes = {
				BuildIndependentTargetsInParallel = 1;
				LastSwiftUpdateCheck = 1540;
				LastUpgradeCheck = 1540;
				TargetAttributes = {
					750E3DB42C808EE900D0E9DD = {
						CreatedOnToolsVersion = 15.4;
					};
				};
			};
			buildConfigurationList = 750E3DB02C808EE900D0E9DD /* Build configuration list for PBXProject "Freelancers Journal" */;
			compatibilityVersion = "Xcode 14.0";
			developmentRegion = en;
			hasScannedForEncodings = 0;
			knownRegions = (
				en,
				Base,
			);
			mainGroup = 750E3DAC2C808EE900D0E9DD;
			productRefGroup = 750E3DB62C808EE900D0E9DD /* Products */;
			projectDirPath = "";
			projectRoot = "";
			targets = (
				750E3DB42C808EE900D0E9DD /* Freelancers Journal */,
			);
		};
/* End PBXProject section */

/* Begin PBXResourcesBuildPhase section */
		750E3DB32C808EE900D0E9DD /* Resources */ = {
			isa = PBXResourcesBuildPhase;
			buildActionMask = 2147483647;
			files = (
				750E3DC22C808EEA00D0E9DD /* Assets.xcassets in Resources */,
				750E3DC52C808EEA00D0E9DD /* Base in Resources */,
			);
			runOnlyForDeploymentPostprocessing = 0;
		};
/* End PBXResourcesBuildPhase section */

/* Begin PBXSourcesBuildPhase section */
		750E3DB12C808EE900D0E9DD /* Sources */ = {
			isa = PBXSourcesBuildPhase;
			buildActionMask = 2147483647;
			files = (
				750E3DFD2C80D7E600D0E9DD /* ProjectCreateView.swift in Sources */,
				750E3DB92C808EE900D0E9DD /* AppDelegate.swift in Sources */,
				750E3DF22C80CFC300D0E9DD /* ProjectMainViewCell.swift in Sources */,
				750E3E002C80DCAC00D0E9DD /* ProjectTaskViewController.swift in Sources */,
				750E3DD02C80955500D0E9DD /* OnboardingViewController.swift in Sources */,
				750E3DD72C809BE300D0E9DD /* FjExtensions.swift in Sources */,
				750E3E112C80E23300D0E9DD /* Client+CoreDataClass.swift in Sources */,
				750E3E392C8110C500D0E9DD /* ClientPresenter.swift in Sources */,
				750E3E122C80E23300D0E9DD /* Client+CoreDataProperties.swift in Sources */,
				750E3DF02C80CB4100D0E9DD /* ProjectMainView.swift in Sources */,
				750E3DE52C809EDC00D0E9DD /* ClientViewController.swift in Sources */,
				750E3E1C2C80E4DF00D0E9DD /* ClientCreateViewController.swift in Sources */,
				750E3E2D2C80EB7600D0E9DD /* ProjectCreatePresenter.swift in Sources */,
				750E3DEB2C80A2E100D0E9DD /* FirstOnboardingViewCell.swift in Sources */,
				750E3DDE2C809D8200D0E9DD /* FjTabBarController.swift in Sources */,
				750E3DE72C809EE500D0E9DD /* StatisticsViewController.swift in Sources */,
				750E3E092C80DDA400D0E9DD /* FjTask+CoreDataClass.swift in Sources */,
				750E3E242C80E67600D0E9DD /* ProjectMainRouter.swift in Sources */,
				750E3E0A2C80DDA400D0E9DD /* FjTask+CoreDataProperties.swift in Sources */,
				750E3E362C80F03F00D0E9DD /* ClientRouter.swift in Sources */,
				750E3DFB2C80D79100D0E9DD /* ProjectCreateViewController.swift in Sources */,
				750E3E4B2C811FF400D0E9DD /* ProjectDetailsView.swift in Sources */,
				750E3E472C811FE500D0E9DD /* ProjectDetailsPresenter.swift in Sources */,
				750E3E402C81144900D0E9DD /* ClientCreateRouter.swift in Sources */,
				750E3DD92C809C4B00D0E9DD /* OnboardingView.swift in Sources */,
				750E3E492C811FED00D0E9DD /* ProjectDetailsViewController.swift in Sources */,
				750E3E2F2C80EB8700D0E9DD /* ProjectCreateRouter.swift in Sources */,
				750E3E022C80DCC400D0E9DD /* ProjectTaskView.swift in Sources */,
				750E3E3E2C8112E200D0E9DD /* ClientCreatePresenter.swift in Sources */,
				750E3DD32C809BC500D0E9DD /* FjCoreData.xcdatamodeld in Sources */,
				750E3E2A2C80E91A00D0E9DD /* ProjectMainInteractor.swift in Sources */,
				750E3E162C80E26200D0E9DD /* ClientViewCell.swift in Sources */,
				750E3E342C80EF7800D0E9DD /* ProjectTaskPresenter.swift in Sources */,
				750E3DED2C80A7E700D0E9DD /* SecondOnboardingViewCell.swift in Sources */,
				750E3E262C80E82000D0E9DD /* ProjectMainPresenter.swift in Sources */,
				750E3DF62C80D2CB00D0E9DD /* Project+CoreDataClass.swift in Sources */,
				750E3E142C80E24A00D0E9DD /* ClientView.swift in Sources */,
				750E3E312C80EE5900D0E9DD /* ProjectTaskRouter.swift in Sources */,
				750E3E0C2C80DDD100D0E9DD /* ProjectTaskViewCell.swift in Sources */,
				750E3DF72C80D2CB00D0E9DD /* Project+CoreDataProperties.swift in Sources */,
				750E3E452C811FD800D0E9DD /* ProjectDetailsRouter.swift in Sources */,
				750E3E1E2C80E4E900D0E9DD /* ClientCreateView.swift in Sources */,
				750E3DBB2C808EE900D0E9DD /* SceneDelegate.swift in Sources */,
				750E3DDB2C809C8000D0E9DD /* FjIsNewUser.swift in Sources */,
				750E3DE32C809ED300D0E9DD /* SettingsViewController.swift in Sources */,
				750E3DE92C809EEF00D0E9DD /* ProjectMainViewController.swift in Sources */,
			);
			runOnlyForDeploymentPostprocessing = 0;
		};
/* End PBXSourcesBuildPhase section */

/* Begin PBXVariantGroup section */
		750E3DC32C808EEA00D0E9DD /* LaunchScreen.storyboard */ = {
			isa = PBXVariantGroup;
			children = (
				750E3DC42C808EEA00D0E9DD /* Base */,
			);
			name = LaunchScreen.storyboard;
			sourceTree = "<group>";
		};
/* End PBXVariantGroup section */

/* Begin XCBuildConfiguration section */
		750E3DC72C808EEA00D0E9DD /* Debug */ = {
			isa = XCBuildConfiguration;
			buildSettings = {
				ALWAYS_SEARCH_USER_PATHS = NO;
				ASSETCATALOG_COMPILER_GENERATE_SWIFT_ASSET_SYMBOL_EXTENSIONS = YES;
				CLANG_ANALYZER_NONNULL = YES;
				CLANG_ANALYZER_NUMBER_OBJECT_CONVERSION = YES_AGGRESSIVE;
				CLANG_CXX_LANGUAGE_STANDARD = "gnu++20";
				CLANG_ENABLE_MODULES = YES;
				CLANG_ENABLE_OBJC_ARC = YES;
				CLANG_ENABLE_OBJC_WEAK = YES;
				CLANG_WARN_BLOCK_CAPTURE_AUTORELEASING = YES;
				CLANG_WARN_BOOL_CONVERSION = YES;
				CLANG_WARN_COMMA = YES;
				CLANG_WARN_CONSTANT_CONVERSION = YES;
				CLANG_WARN_DEPRECATED_OBJC_IMPLEMENTATIONS = YES;
				CLANG_WARN_DIRECT_OBJC_ISA_USAGE = YES_ERROR;
				CLANG_WARN_DOCUMENTATION_COMMENTS = YES;
				CLANG_WARN_EMPTY_BODY = YES;
				CLANG_WARN_ENUM_CONVERSION = YES;
				CLANG_WARN_INFINITE_RECURSION = YES;
				CLANG_WARN_INT_CONVERSION = YES;
				CLANG_WARN_NON_LITERAL_NULL_CONVERSION = YES;
				CLANG_WARN_OBJC_IMPLICIT_RETAIN_SELF = YES;
				CLANG_WARN_OBJC_LITERAL_CONVERSION = YES;
				CLANG_WARN_OBJC_ROOT_CLASS = YES_ERROR;
				CLANG_WARN_QUOTED_INCLUDE_IN_FRAMEWORK_HEADER = YES;
				CLANG_WARN_RANGE_LOOP_ANALYSIS = YES;
				CLANG_WARN_STRICT_PROTOTYPES = YES;
				CLANG_WARN_SUSPICIOUS_MOVE = YES;
				CLANG_WARN_UNGUARDED_AVAILABILITY = YES_AGGRESSIVE;
				CLANG_WARN_UNREACHABLE_CODE = YES;
				CLANG_WARN__DUPLICATE_METHOD_MATCH = YES;
				COPY_PHASE_STRIP = NO;
				DEBUG_INFORMATION_FORMAT = dwarf;
				ENABLE_STRICT_OBJC_MSGSEND = YES;
				ENABLE_TESTABILITY = YES;
				ENABLE_USER_SCRIPT_SANDBOXING = YES;
				GCC_C_LANGUAGE_STANDARD = gnu17;
				GCC_DYNAMIC_NO_PIC = NO;
				GCC_NO_COMMON_BLOCKS = YES;
				GCC_OPTIMIZATION_LEVEL = 0;
				GCC_PREPROCESSOR_DEFINITIONS = (
					"DEBUG=1",
					"$(inherited)",
				);
				GCC_WARN_64_TO_32_BIT_CONVERSION = YES;
				GCC_WARN_ABOUT_RETURN_TYPE = YES_ERROR;
				GCC_WARN_UNDECLARED_SELECTOR = YES;
				GCC_WARN_UNINITIALIZED_AUTOS = YES_AGGRESSIVE;
				GCC_WARN_UNUSED_FUNCTION = YES;
				GCC_WARN_UNUSED_VARIABLE = YES;
				IPHONEOS_DEPLOYMENT_TARGET = 17.5;
				LOCALIZATION_PREFERS_STRING_CATALOGS = YES;
				MTL_ENABLE_DEBUG_INFO = INCLUDE_SOURCE;
				MTL_FAST_MATH = YES;
				ONLY_ACTIVE_ARCH = YES;
				SDKROOT = iphoneos;
				SWIFT_ACTIVE_COMPILATION_CONDITIONS = "DEBUG $(inherited)";
				SWIFT_OPTIMIZATION_LEVEL = "-Onone";
			};
			name = Debug;
		};
		750E3DC82C808EEA00D0E9DD /* Release */ = {
			isa = XCBuildConfiguration;
			buildSettings = {
				ALWAYS_SEARCH_USER_PATHS = NO;
				ASSETCATALOG_COMPILER_GENERATE_SWIFT_ASSET_SYMBOL_EXTENSIONS = YES;
				CLANG_ANALYZER_NONNULL = YES;
				CLANG_ANALYZER_NUMBER_OBJECT_CONVERSION = YES_AGGRESSIVE;
				CLANG_CXX_LANGUAGE_STANDARD = "gnu++20";
				CLANG_ENABLE_MODULES = YES;
				CLANG_ENABLE_OBJC_ARC = YES;
				CLANG_ENABLE_OBJC_WEAK = YES;
				CLANG_WARN_BLOCK_CAPTURE_AUTORELEASING = YES;
				CLANG_WARN_BOOL_CONVERSION = YES;
				CLANG_WARN_COMMA = YES;
				CLANG_WARN_CONSTANT_CONVERSION = YES;
				CLANG_WARN_DEPRECATED_OBJC_IMPLEMENTATIONS = YES;
				CLANG_WARN_DIRECT_OBJC_ISA_USAGE = YES_ERROR;
				CLANG_WARN_DOCUMENTATION_COMMENTS = YES;
				CLANG_WARN_EMPTY_BODY = YES;
				CLANG_WARN_ENUM_CONVERSION = YES;
				CLANG_WARN_INFINITE_RECURSION = YES;
				CLANG_WARN_INT_CONVERSION = YES;
				CLANG_WARN_NON_LITERAL_NULL_CONVERSION = YES;
				CLANG_WARN_OBJC_IMPLICIT_RETAIN_SELF = YES;
				CLANG_WARN_OBJC_LITERAL_CONVERSION = YES;
				CLANG_WARN_OBJC_ROOT_CLASS = YES_ERROR;
				CLANG_WARN_QUOTED_INCLUDE_IN_FRAMEWORK_HEADER = YES;
				CLANG_WARN_RANGE_LOOP_ANALYSIS = YES;
				CLANG_WARN_STRICT_PROTOTYPES = YES;
				CLANG_WARN_SUSPICIOUS_MOVE = YES;
				CLANG_WARN_UNGUARDED_AVAILABILITY = YES_AGGRESSIVE;
				CLANG_WARN_UNREACHABLE_CODE = YES;
				CLANG_WARN__DUPLICATE_METHOD_MATCH = YES;
				COPY_PHASE_STRIP = NO;
				DEBUG_INFORMATION_FORMAT = "dwarf-with-dsym";
				ENABLE_NS_ASSERTIONS = NO;
				ENABLE_STRICT_OBJC_MSGSEND = YES;
				ENABLE_USER_SCRIPT_SANDBOXING = YES;
				GCC_C_LANGUAGE_STANDARD = gnu17;
				GCC_NO_COMMON_BLOCKS = YES;
				GCC_WARN_64_TO_32_BIT_CONVERSION = YES;
				GCC_WARN_ABOUT_RETURN_TYPE = YES_ERROR;
				GCC_WARN_UNDECLARED_SELECTOR = YES;
				GCC_WARN_UNINITIALIZED_AUTOS = YES_AGGRESSIVE;
				GCC_WARN_UNUSED_FUNCTION = YES;
				GCC_WARN_UNUSED_VARIABLE = YES;
				IPHONEOS_DEPLOYMENT_TARGET = 17.5;
				LOCALIZATION_PREFERS_STRING_CATALOGS = YES;
				MTL_ENABLE_DEBUG_INFO = NO;
				MTL_FAST_MATH = YES;
				SDKROOT = iphoneos;
				SWIFT_COMPILATION_MODE = wholemodule;
				VALIDATE_PRODUCT = YES;
			};
			name = Release;
		};
		750E3DCA2C808EEA00D0E9DD /* Debug */ = {
			isa = XCBuildConfiguration;
			buildSettings = {
				ASSETCATALOG_COMPILER_APPICON_NAME = AppIcon;
				ASSETCATALOG_COMPILER_GLOBAL_ACCENT_COLOR_NAME = AccentColor;
				CODE_SIGN_STYLE = Automatic;
				CURRENT_PROJECT_VERSION = 1;
				DEVELOPMENT_TEAM = 3JTA2CM5N8;
				GENERATE_INFOPLIST_FILE = YES;
				INFOPLIST_FILE = "Freelancers Journal/Info.plist";
				INFOPLIST_KEY_UIApplicationSupportsIndirectInputEvents = YES;
				INFOPLIST_KEY_UILaunchStoryboardName = LaunchScreen;
				INFOPLIST_KEY_UISupportedInterfaceOrientations_iPad = "UIInterfaceOrientationPortrait UIInterfaceOrientationPortraitUpsideDown UIInterfaceOrientationLandscapeLeft UIInterfaceOrientationLandscapeRight";
				INFOPLIST_KEY_UISupportedInterfaceOrientations_iPhone = "UIInterfaceOrientationPortrait UIInterfaceOrientationLandscapeLeft UIInterfaceOrientationLandscapeRight";
				LD_RUNPATH_SEARCH_PATHS = (
					"$(inherited)",
					"@executable_path/Frameworks",
				);
				MARKETING_VERSION = 1.0;
				PRODUCT_BUNDLE_IDENTIFIER = "com.rick.Freelancers-Journal";
				PRODUCT_NAME = "$(TARGET_NAME)";
				SUPPORTED_PLATFORMS = "iphoneos iphonesimulator";
				SUPPORTS_MACCATALYST = NO;
				SUPPORTS_MAC_DESIGNED_FOR_IPHONE_IPAD = NO;
				SUPPORTS_XR_DESIGNED_FOR_IPHONE_IPAD = NO;
				SWIFT_EMIT_LOC_STRINGS = YES;
				SWIFT_VERSION = 5.0;
				TARGETED_DEVICE_FAMILY = 1;
			};
			name = Debug;
		};
		750E3DCB2C808EEA00D0E9DD /* Release */ = {
			isa = XCBuildConfiguration;
			buildSettings = {
				ASSETCATALOG_COMPILER_APPICON_NAME = AppIcon;
				ASSETCATALOG_COMPILER_GLOBAL_ACCENT_COLOR_NAME = AccentColor;
				CODE_SIGN_STYLE = Automatic;
				CURRENT_PROJECT_VERSION = 1;
				DEVELOPMENT_TEAM = 3JTA2CM5N8;
				GENERATE_INFOPLIST_FILE = YES;
				INFOPLIST_FILE = "Freelancers Journal/Info.plist";
				INFOPLIST_KEY_UIApplicationSupportsIndirectInputEvents = YES;
				INFOPLIST_KEY_UILaunchStoryboardName = LaunchScreen;
				INFOPLIST_KEY_UISupportedInterfaceOrientations_iPad = "UIInterfaceOrientationPortrait UIInterfaceOrientationPortraitUpsideDown UIInterfaceOrientationLandscapeLeft UIInterfaceOrientationLandscapeRight";
				INFOPLIST_KEY_UISupportedInterfaceOrientations_iPhone = "UIInterfaceOrientationPortrait UIInterfaceOrientationLandscapeLeft UIInterfaceOrientationLandscapeRight";
				LD_RUNPATH_SEARCH_PATHS = (
					"$(inherited)",
					"@executable_path/Frameworks",
				);
				MARKETING_VERSION = 1.0;
				PRODUCT_BUNDLE_IDENTIFIER = "com.rick.Freelancers-Journal";
				PRODUCT_NAME = "$(TARGET_NAME)";
				SUPPORTED_PLATFORMS = "iphoneos iphonesimulator";
				SUPPORTS_MACCATALYST = NO;
				SUPPORTS_MAC_DESIGNED_FOR_IPHONE_IPAD = NO;
				SUPPORTS_XR_DESIGNED_FOR_IPHONE_IPAD = NO;
				SWIFT_EMIT_LOC_STRINGS = YES;
				SWIFT_VERSION = 5.0;
				TARGETED_DEVICE_FAMILY = 1;
			};
			name = Release;
		};
/* End XCBuildConfiguration section */

/* Begin XCConfigurationList section */
		750E3DB02C808EE900D0E9DD /* Build configuration list for PBXProject "Freelancers Journal" */ = {
			isa = XCConfigurationList;
			buildConfigurations = (
				750E3DC72C808EEA00D0E9DD /* Debug */,
				750E3DC82C808EEA00D0E9DD /* Release */,
			);
			defaultConfigurationIsVisible = 0;
			defaultConfigurationName = Release;
		};
		750E3DC92C808EEA00D0E9DD /* Build configuration list for PBXNativeTarget "Freelancers Journal" */ = {
			isa = XCConfigurationList;
			buildConfigurations = (
				750E3DCA2C808EEA00D0E9DD /* Debug */,
				750E3DCB2C808EEA00D0E9DD /* Release */,
			);
			defaultConfigurationIsVisible = 0;
			defaultConfigurationName = Release;
		};
/* End XCConfigurationList section */

/* Begin XCVersionGroup section */
		750E3DD12C809BC500D0E9DD /* FjCoreData.xcdatamodeld */ = {
			isa = XCVersionGroup;
			children = (
				750E3DD22C809BC500D0E9DD /* FjCoreData.xcdatamodel */,
			);
			currentVersion = 750E3DD22C809BC500D0E9DD /* FjCoreData.xcdatamodel */;
			name = FjCoreData.xcdatamodeld;
			path = "/Users/rcolejnr/xCodeProjects/Freelancers Journal/Freelancers Journal/FjCoreData.xcdatamodeld";
			sourceTree = "<group>";
			versionGroupType = wrapper.xcdatamodel;
		};
/* End XCVersionGroup section */
	};
	rootObject = 750E3DAD2C808EE900D0E9DD /* Project object */;
}
